
Microsoft Visual Studio Solution File, Format Version 12.00
# Visual Studio Version 17
VisualStudioVersion = 17.1.32210.238
MinimumVisualStudioVersion = 10.0.40219.1
Project("{F184B08F-C81C-45F6-A57F-5ABD9991F28F}") = "BlockBreakGame", "BlockBreakGame\BlockBreakGame.vbproj", "{908F16BD-CCA4-42C1-BC7F-15EA1EC2D671}"
EndProject
Global
	GlobalSection(SolutionConfigurationPlatforms) = preSolution
		Debug|Any CPU = Debug|Any CPU
		Release|Any CPU = Release|Any CPU
	EndGlobalSection
	GlobalSection(ProjectConfigurationPlatforms) = postSolution
		{908F16BD-CCA4-42C1-BC7F-15EA1EC2D671}.Debug|Any CPU.ActiveCfg = Debug|Any CPU
		{908F16BD-CCA4-42C1-BC7F-15EA1EC2D671}.Debug|Any CPU.Build.0 = Debug|Any CPU
		{908F16BD-CCA4-42C1-BC7F-15EA1EC2D671}.Release|Any CPU.ActiveCfg = Release|Any CPU
		{908F16BD-CCA4-42C1-BC7F-15EA1EC2D671}.Release|Any CPU.Build.0 = Release|Any CPU
	EndGlobalSection
	GlobalSection(SolutionProperties) = preSolution
		HideSolutionNode = FALSE
	EndGlobalSection
	GlobalSection(ExtensibilityGlobals) = postSolution
		SolutionGuid = {1F4E4316-85D7-478B-9DC9-0C024C17153D}
	EndGlobalSection
EndGlobal
